
Microsoft Visual Studio Solution File, Format Version 12.00
# Visual Studio 14
VisualStudioVersion = 14.0.25420.1
MinimumVisualStudioVersion = 10.0.40219.1
Project("{FAE04EC0-301F-11D3-BF4B-00C04F79EFBC}") = "SendEmail", "SendEmail\SendEmail.csproj", "{0029A643-6A4E-4D71-8C4E-97D74BA168D2}"
EndProject
Project("{FAE04EC0-301F-11D3-BF4B-00C04F79EFBC}") = "SendEmail.Tests", "SendEmail.Tests\SendEmail.Tests.csproj", "{83B960E8-1F19-4958-9B8C-79BDE159C20D}"
EndProject
Global
	GlobalSection(SolutionConfigurationPlatforms) = preSolution
		Debug|Any CPU = Debug|Any CPU
		Release|Any CPU = Release|Any CPU
	EndGlobalSection
	GlobalSection(ProjectConfigurationPlatforms) = postSolution
		{0029A643-6A4E-4D71-8C4E-97D74BA168D2}.Debug|Any CPU.ActiveCfg = Debug|Any CPU
		{0029A643-6A4E-4D71-8C4E-97D74BA168D2}.Debug|Any CPU.Build.0 = Debug|Any CPU
		{0029A643-6A4E-4D71-8C4E-97D74BA168D2}.Release|Any CPU.ActiveCfg = Release|Any CPU
		{0029A643-6A4E-4D71-8C4E-97D74BA168D2}.Release|Any CPU.Build.0 = Release|Any CPU
		{83B960E8-1F19-4958-9B8C-79BDE159C20D}.Debug|Any CPU.ActiveCfg = Debug|Any CPU
		{83B960E8-1F19-4958-9B8C-79BDE159C20D}.Debug|Any CPU.Build.0 = Debug|Any CPU
		{83B960E8-1F19-4958-9B8C-79BDE159C20D}.Release|Any CPU.ActiveCfg = Release|Any CPU
		{83B960E8-1F19-4958-9B8C-79BDE159C20D}.Release|Any CPU.Build.0 = Release|Any CPU
	EndGlobalSection
	GlobalSection(SolutionProperties) = preSolution
		HideSolutionNode = FALSE
	EndGlobalSection
EndGlobal
